
Microsoft Visual Studio Solution File, Format Version 12.00
# Visual Studio 2012
Project("{8BC9CEB8-8B4A-11D0-8D11-00A0C91BC942}") = "DefenseOfTheCode", "DefenseOfTheCode.vcxproj", "{876A3D9E-A4C4-4812-A4D7-45934F854744}"
EndProject
Global
	GlobalSection(SolutionConfigurationPlatforms) = preSolution
		Debug|Win32 = Debug|Win32
		Release|Win32 = Release|Win32
	EndGlobalSection
	GlobalSection(ProjectConfigurationPlatforms) = postSolution
		{876A3D9E-A4C4-4812-A4D7-45934F854744}.Debug|Win32.ActiveCfg = Debug|Win32
		{876A3D9E-A4C4-4812-A4D7-45934F854744}.Debug|Win32.Build.0 = Debug|Win32
		{876A3D9E-A4C4-4812-A4D7-45934F854744}.Release|Win32.ActiveCfg = Release|Win32
		{876A3D9E-A4C4-4812-A4D7-45934F854744}.Release|Win32.Build.0 = Release|Win32
	EndGlobalSection
	GlobalSection(SolutionProperties) = preSolution
		HideSolutionNode = FALSE
	EndGlobalSection
EndGlobal
